// !$*UTF8*$!
{
	archiveVersion = 1;
	classes = {
	};
	objectVersion = 50;
	objects = {

/* Begin PBXBuildFile section */
		5E93AAA225087E970005D400 /* AppDelegate.swift in Sources */ = {isa = PBXBuildFile; fileRef = 5E93AAA125087E970005D400 /* AppDelegate.swift */; };
		5E93AAA425087E970005D400 /* SceneDelegate.swift in Sources */ = {isa = PBXBuildFile; fileRef = 5E93AAA325087E970005D400 /* SceneDelegate.swift */; };
		5E93AAAB25087E990005D400 /* Assets.xcassets in Resources */ = {isa = PBXBuildFile; fileRef = 5E93AAAA25087E990005D400 /* Assets.xcassets */; };
		5E93AAAE25087E990005D400 /* LaunchScreen.storyboard in Resources */ = {isa = PBXBuildFile; fileRef = 5E93AAAC25087E990005D400 /* LaunchScreen.storyboard */; };
		5E93AAC0250888AA0005D400 /* BannerNewsTableViewCell.swift in Sources */ = {isa = PBXBuildFile; fileRef = 5E93AABF250888AA0005D400 /* BannerNewsTableViewCell.swift */; };
		5E93AAC2250888C70005D400 /* NewsListingTableViewCell.swift in Sources */ = {isa = PBXBuildFile; fileRef = 5E93AAC1250888C70005D400 /* NewsListingTableViewCell.swift */; };
		5E93AAC425088BF30005D400 /* NewsModel.swift in Sources */ = {isa = PBXBuildFile; fileRef = 5E93AAC325088BF30005D400 /* NewsModel.swift */; };
		5E93AAC825088CB30005D400 /* NewsListingViewController.swift in Sources */ = {isa = PBXBuildFile; fileRef = 5E93AAC725088CB30005D400 /* NewsListingViewController.swift */; };
		5E93AACB25088DBF0005D400 /* NetworkManager.swift in Sources */ = {isa = PBXBuildFile; fileRef = 5E93AACA25088DBF0005D400 /* NetworkManager.swift */; };
		5E93AACC2508A2FC0005D400 /* Main.storyboard in Resources */ = {isa = PBXBuildFile; fileRef = 5E93AABE250888210005D400 /* Main.storyboard */; };
		5E93AACD2508A36F0005D400 /* BannerNewsTableViewCell.xib in Resources */ = {isa = PBXBuildFile; fileRef = 5E93AABC250887F60005D400 /* BannerNewsTableViewCell.xib */; };
		5E93AACE2508A3790005D400 /* NewsListingTableViewCell.xib in Resources */ = {isa = PBXBuildFile; fileRef = 5E93AABD250887F60005D400 /* NewsListingTableViewCell.xib */; };
		5E93AAF42508BD610005D400 /* ErrorMessage.swift in Sources */ = {isa = PBXBuildFile; fileRef = 5E93AAF32508BD610005D400 /* ErrorMessage.swift */; };
/* End PBXBuildFile section */

/* Begin PBXFileReference section */
		5E93AA9E25087E970005D400 /* ADT_NewsApp.app */ = {isa = PBXFileReference; explicitFileType = wrapper.application; includeInIndex = 0; path = ADT_NewsApp.app; sourceTree = BUILT_PRODUCTS_DIR; };
		5E93AAA125087E970005D400 /* AppDelegate.swift */ = {isa = PBXFileReference; lastKnownFileType = sourcecode.swift; path = AppDelegate.swift; sourceTree = "<group>"; };
		5E93AAA325087E970005D400 /* SceneDelegate.swift */ = {isa = PBXFileReference; lastKnownFileType = sourcecode.swift; path = SceneDelegate.swift; sourceTree = "<group>"; };
		5E93AAAA25087E990005D400 /* Assets.xcassets */ = {isa = PBXFileReference; lastKnownFileType = folder.assetcatalog; path = Assets.xcassets; sourceTree = "<group>"; };
		5E93AAAD25087E990005D400 /* Base */ = {isa = PBXFileReference; lastKnownFileType = file.storyboard; name = Base; path = Base.lproj/LaunchScreen.storyboard; sourceTree = "<group>"; };
		5E93AAAF25087E990005D400 /* Info.plist */ = {isa = PBXFileReference; lastKnownFileType = text.plist.xml; path = Info.plist; sourceTree = "<group>"; };
		5E93AABC250887F60005D400 /* BannerNewsTableViewCell.xib */ = {isa = PBXFileReference; lastKnownFileType = file.xib; path = BannerNewsTableViewCell.xib; sourceTree = "<group>"; };
		5E93AABD250887F60005D400 /* NewsListingTableViewCell.xib */ = {isa = PBXFileReference; lastKnownFileType = file.xib; path = NewsListingTableViewCell.xib; sourceTree = "<group>"; };
		5E93AABE250888210005D400 /* Main.storyboard */ = {isa = PBXFileReference; lastKnownFileType = file.storyboard; path = Main.storyboard; sourceTree = "<group>"; };
		5E93AABF250888AA0005D400 /* BannerNewsTableViewCell.swift */ = {isa = PBXFileReference; lastKnownFileType = sourcecode.swift; path = BannerNewsTableViewCell.swift; sourceTree = "<group>"; };
		5E93AAC1250888C70005D400 /* NewsListingTableViewCell.swift */ = {isa = PBXFileReference; lastKnownFileType = sourcecode.swift; path = NewsListingTableViewCell.swift; sourceTree = "<group>"; };
		5E93AAC325088BF30005D400 /* NewsModel.swift */ = {isa = PBXFileReference; lastKnownFileType = sourcecode.swift; path = NewsModel.swift; sourceTree = "<group>"; };
		5E93AAC725088CB30005D400 /* NewsListingViewController.swift */ = {isa = PBXFileReference; lastKnownFileType = sourcecode.swift; path = NewsListingViewController.swift; sourceTree = "<group>"; };
		5E93AACA25088DBF0005D400 /* NetworkManager.swift */ = {isa = PBXFileReference; lastKnownFileType = sourcecode.swift; path = NetworkManager.swift; sourceTree = "<group>"; };
		5E93AAF32508BD610005D400 /* ErrorMessage.swift */ = {isa = PBXFileReference; lastKnownFileType = sourcecode.swift; path = ErrorMessage.swift; sourceTree = "<group>"; };
/* End PBXFileReference section */

/* Begin PBXFrameworksBuildPhase section */
		5E93AA9B25087E970005D400 /* Frameworks */ = {
			isa = PBXFrameworksBuildPhase;
			buildActionMask = 2147483647;
			files = (
			);
			runOnlyForDeploymentPostprocessing = 0;
		};
/* End PBXFrameworksBuildPhase section */

/* Begin PBXGroup section */
		5E93AA9525087E970005D400 = {
			isa = PBXGroup;
			children = (
				5E93AAA025087E970005D400 /* ADT_NewsApp */,
				5E93AA9F25087E970005D400 /* Products */,
			);
			sourceTree = "<group>";
		};
		5E93AA9F25087E970005D400 /* Products */ = {
			isa = PBXGroup;
			children = (
				5E93AA9E25087E970005D400 /* ADT_NewsApp.app */,
			);
			name = Products;
			sourceTree = "<group>";
		};
		5E93AAA025087E970005D400 /* ADT_NewsApp */ = {
			isa = PBXGroup;
			children = (
				5E93AAB925087EEA0005D400 /* App */,
				5E93AAB825087EC40005D400 /* Utilities */,
				5E93AAC925088DA90005D400 /* NetworkManager */,
				5E93AABA25087EFF0005D400 /* Storyboard */,
				5E93AAB725087EC00005D400 /* Model */,
				5E93AAB625087EBC0005D400 /* View */,
				5E93AAB525087EB70005D400 /* Controller */,
				5E93AAAA25087E990005D400 /* Assets.xcassets */,
				5E93AAAC25087E990005D400 /* LaunchScreen.storyboard */,
				5E93AAAF25087E990005D400 /* Info.plist */,
			);
			path = ADT_NewsApp;
			sourceTree = "<group>";
		};
		5E93AAB525087EB70005D400 /* Controller */ = {
			isa = PBXGroup;
			children = (
				5E93AAC725088CB30005D400 /* NewsListingViewController.swift */,
			);
			path = Controller;
			sourceTree = "<group>";
		};
		5E93AAB625087EBC0005D400 /* View */ = {
			isa = PBXGroup;
			children = (
				5E93AABB250887B10005D400 /* NewsCell */,
			);
			path = View;
			sourceTree = "<group>";
		};
		5E93AAB725087EC00005D400 /* Model */ = {
			isa = PBXGroup;
			children = (
				5E93AAC325088BF30005D400 /* NewsModel.swift */,
			);
			path = Model;
			sourceTree = "<group>";
		};
		5E93AAB825087EC40005D400 /* Utilities */ = {
			isa = PBXGroup;
			children = (
				5E93AAF32508BD610005D400 /* ErrorMessage.swift */,
			);
			path = Utilities;
			sourceTree = "<group>";
		};
		5E93AAB925087EEA0005D400 /* App */ = {
			isa = PBXGroup;
			children = (
				5E93AAA125087E970005D400 /* AppDelegate.swift */,
				5E93AAA325087E970005D400 /* SceneDelegate.swift */,
			);
			path = App;
			sourceTree = "<group>";
		};
		5E93AABA25087EFF0005D400 /* Storyboard */ = {
			isa = PBXGroup;
			children = (
				5E93AABE250888210005D400 /* Main.storyboard */,
			);
			path = Storyboard;
			sourceTree = "<group>";
		};
		5E93AABB250887B10005D400 /* NewsCell */ = {
			isa = PBXGroup;
			children = (
				5E93AABF250888AA0005D400 /* BannerNewsTableViewCell.swift */,
				5E93AABC250887F60005D400 /* BannerNewsTableViewCell.xib */,
				5E93AAC1250888C70005D400 /* NewsListingTableViewCell.swift */,
				5E93AABD250887F60005D400 /* NewsListingTableViewCell.xib */,
			);
			path = NewsCell;
			sourceTree = "<group>";
		};
		5E93AAC925088DA90005D400 /* NetworkManager */ = {
			isa = PBXGroup;
			children = (
				5E93AACA25088DBF0005D400 /* NetworkManager.swift */,
			);
			path = NetworkManager;
			sourceTree = "<group>";
		};
/* End PBXGroup section */

/* Begin PBXNativeTarget section */
		5E93AA9D25087E970005D400 /* ADT_NewsApp */ = {
			isa = PBXNativeTarget;
			buildConfigurationList = 5E93AAB225087E990005D400 /* Build configuration list for PBXNativeTarget "ADT_NewsApp" */;
			buildPhases = (
				5E93AA9A25087E970005D400 /* Sources */,
				5E93AA9B25087E970005D400 /* Frameworks */,
				5E93AA9C25087E970005D400 /* Resources */,
			);
			buildRules = (
			);
			dependencies = (
			);
			name = ADT_NewsApp;
			productName = ADT_NewsApp;
			productReference = 5E93AA9E25087E970005D400 /* ADT_NewsApp.app */;
			productType = "com.apple.product-type.application";
		};
/* End PBXNativeTarget section */

/* Begin PBXProject section */
		5E93AA9625087E970005D400 /* Project object */ = {
			isa = PBXProject;
			attributes = {
				LastSwiftUpdateCheck = 1150;
				LastUpgradeCheck = 1150;
				ORGANIZATIONNAME = "Amit Biswas";
				TargetAttributes = {
					5E93AA9D25087E970005D400 = {
						CreatedOnToolsVersion = 11.5;
					};
				};
			};
			buildConfigurationList = 5E93AA9925087E970005D400 /* Build configuration list for PBXProject "ADT_NewsApp" */;
			compatibilityVersion = "Xcode 9.3";
			developmentRegion = en;
			hasScannedForEncodings = 0;
			knownRegions = (
				en,
				Base,
			);
			mainGroup = 5E93AA9525087E970005D400;
			productRefGroup = 5E93AA9F25087E970005D400 /* Products */;
			projectDirPath = "";
			projectRoot = "";
			targets = (
				5E93AA9D25087E970005D400 /* ADT_NewsApp */,
			);
		};
/* End PBXProject section */

/* Begin PBXResourcesBuildPhase section */
		5E93AA9C25087E970005D400 /* Resources */ = {
			isa = PBXResourcesBuildPhase;
			buildActionMask = 2147483647;
			files = (
				5E93AACC2508A2FC0005D400 /* Main.storyboard in Resources */,
				5E93AAAE25087E990005D400 /* LaunchScreen.storyboard in Resources */,
				5E93AACD2508A36F0005D400 /* BannerNewsTableViewCell.xib in Resources */,
				5E93AAAB25087E990005D400 /* Assets.xcassets in Resources */,
				5E93AACE2508A3790005D400 /* NewsListingTableViewCell.xib in Resources */,
			);
			runOnlyForDeploymentPostprocessing = 0;
		};
/* End PBXResourcesBuildPhase section */

/* Begin PBXSourcesBuildPhase section */
		5E93AA9A25087E970005D400 /* Sources */ = {
			isa = PBXSourcesBuildPhase;
			buildActionMask = 2147483647;
			files = (
				5E93AACB25088DBF0005D400 /* NetworkManager.swift in Sources */,
				5E93AAC825088CB30005D400 /* NewsListingViewController.swift in Sources */,
				5E93AAC425088BF30005D400 /* NewsModel.swift in Sources */,
				5E93AAA225087E970005D400 /* AppDelegate.swift in Sources */,
				5E93AAF42508BD610005D400 /* ErrorMessage.swift in Sources */,
				5E93AAC2250888C70005D400 /* NewsListingTableViewCell.swift in Sources */,
				5E93AAC0250888AA0005D400 /* BannerNewsTableViewCell.swift in Sources */,
				5E93AAA425087E970005D400 /* SceneDelegate.swift in Sources */,
			);
			runOnlyForDeploymentPostprocessing = 0;
		};
/* End PBXSourcesBuildPhase section */

/* Begin PBXVariantGroup section */
		5E93AAAC25087E990005D400 /* LaunchScreen.storyboard */ = {
			isa = PBXVariantGroup;
			children = (
				5E93AAAD25087E990005D400 /* Base */,
			);
			name = LaunchScreen.storyboard;
			sourceTree = "<group>";
		};
/* End PBXVariantGroup section */

/* Begin XCBuildConfiguration section */
		5E93AAB025087E990005D400 /* Debug */ = {
			isa = XCBuildConfiguration;
			buildSettings = {
				ALWAYS_SEARCH_USER_PATHS = NO;
				CLANG_ANALYZER_NONNULL = YES;
				CLANG_ANALYZER_NUMBER_OBJECT_CONVERSION = YES_AGGRESSIVE;
				CLANG_CXX_LANGUAGE_STANDARD = "gnu++14";
				CLANG_CXX_LIBRARY = "libc++";
				CLANG_ENABLE_MODULES = YES;
				CLANG_ENABLE_OBJC_ARC = YES;
				CLANG_ENABLE_OBJC_WEAK = YES;
				CLANG_WARN_BLOCK_CAPTURE_AUTORELEASING = YES;
				CLANG_WARN_BOOL_CONVERSION = YES;
				CLANG_WARN_COMMA = YES;
				CLANG_WARN_CONSTANT_CONVERSION = YES;
				CLANG_WARN_DEPRECATED_OBJC_IMPLEMENTATIONS = YES;
				CLANG_WARN_DIRECT_OBJC_ISA_USAGE = YES_ERROR;
				CLANG_WARN_DOCUMENTATION_COMMENTS = YES;
				CLANG_WARN_EMPTY_BODY = YES;
				CLANG_WARN_ENUM_CONVERSION = YES;
				CLANG_WARN_INFINITE_RECURSION = YES;
				CLANG_WARN_INT_CONVERSION = YES;
				CLANG_WARN_NON_LITERAL_NULL_CONVERSION = YES;
				CLANG_WARN_OBJC_IMPLICIT_RETAIN_SELF = YES;
				CLANG_WARN_OBJC_LITERAL_CONVERSION = YES;
				CLANG_WARN_OBJC_ROOT_CLASS = YES_ERROR;
				CLANG_WARN_RANGE_LOOP_ANALYSIS = YES;
				CLANG_WARN_STRICT_PROTOTYPES = YES;
				CLANG_WARN_SUSPICIOUS_MOVE = YES;
				CLANG_WARN_UNGUARDED_AVAILABILITY = YES_AGGRESSIVE;
				CLANG_WARN_UNREACHABLE_CODE = YES;
				CLANG_WARN__DUPLICATE_METHOD_MATCH = YES;
				COPY_PHASE_STRIP = NO;
				DEBUG_INFORMATION_FORMAT = dwarf;
				ENABLE_STRICT_OBJC_MSGSEND = YES;
				ENABLE_TESTABILITY = YES;
				GCC_C_LANGUAGE_STANDARD = gnu11;
				GCC_DYNAMIC_NO_PIC = NO;
				GCC_NO_COMMON_BLOCKS = YES;
				GCC_OPTIMIZATION_LEVEL = 0;
				GCC_PREPROCESSOR_DEFINITIONS = (
					"DEBUG=1",
					"$(inherited)",
				);
				GCC_WARN_64_TO_32_BIT_CONVERSION = YES;
				GCC_WARN_ABOUT_RETURN_TYPE = YES_ERROR;
				GCC_WARN_UNDECLARED_SELECTOR = YES;
				GCC_WARN_UNINITIALIZED_AUTOS = YES_AGGRESSIVE;
				GCC_WARN_UNUSED_FUNCTION = YES;
				GCC_WARN_UNUSED_VARIABLE = YES;
				IPHONEOS_DEPLOYMENT_TARGET = 13.5;
				MTL_ENABLE_DEBUG_INFO = INCLUDE_SOURCE;
				MTL_FAST_MATH = YES;
				ONLY_ACTIVE_ARCH = YES;
				SDKROOT = iphoneos;
				SWIFT_ACTIVE_COMPILATION_CONDITIONS = DEBUG;
				SWIFT_OPTIMIZATION_LEVEL = "-Onone";
			};
			name = Debug;
		};
		5E93AAB125087E990005D400 /* Release */ = {
			isa = XCBuildConfiguration;
			buildSettings = {
				ALWAYS_SEARCH_USER_PATHS = NO;
				CLANG_ANALYZER_NONNULL = YES;
				CLANG_ANALYZER_NUMBER_OBJECT_CONVERSION = YES_AGGRESSIVE;
				CLANG_CXX_LANGUAGE_STANDARD = "gnu++14";
				CLANG_CXX_LIBRARY = "libc++";
				CLANG_ENABLE_MODULES = YES;
				CLANG_ENABLE_OBJC_ARC = YES;
				CLANG_ENABLE_OBJC_WEAK = YES;
				CLANG_WARN_BLOCK_CAPTURE_AUTORELEASING = YES;
				CLANG_WARN_BOOL_CONVERSION = YES;
				CLANG_WARN_COMMA = YES;
				CLANG_WARN_CONSTANT_CONVERSION = YES;
				CLANG_WARN_DEPRECATED_OBJC_IMPLEMENTATIONS = YES;
				CLANG_WARN_DIRECT_OBJC_ISA_USAGE = YES_ERROR;
				CLANG_WARN_DOCUMENTATION_COMMENTS = YES;
				CLANG_WARN_EMPTY_BODY = YES;
				CLANG_WARN_ENUM_CONVERSION = YES;
				CLANG_WARN_INFINITE_RECURSION = YES;
				CLANG_WARN_INT_CONVERSION = YES;
				CLANG_WARN_NON_LITERAL_NULL_CONVERSION = YES;
				CLANG_WARN_OBJC_IMPLICIT_RETAIN_SELF = YES;
				CLANG_WARN_OBJC_LITERAL_CONVERSION = YES;
				CLANG_WARN_OBJC_ROOT_CLASS = YES_ERROR;
				CLANG_WARN_RANGE_LOOP_ANALYSIS = YES;
				CLANG_WARN_STRICT_PROTOTYPES = YES;
				CLANG_WARN_SUSPICIOUS_MOVE = YES;
				CLANG_WARN_UNGUARDED_AVAILABILITY = YES_AGGRESSIVE;
				CLANG_WARN_UNREACHABLE_CODE = YES;
				CLANG_WARN__DUPLICATE_METHOD_MATCH = YES;
				COPY_PHASE_STRIP = NO;
				DEBUG_INFORMATION_FORMAT = "dwarf-with-dsym";
				ENABLE_NS_ASSERTIONS = NO;
				ENABLE_STRICT_OBJC_MSGSEND = YES;
				GCC_C_LANGUAGE_STANDARD = gnu11;
				GCC_NO_COMMON_BLOCKS = YES;
				GCC_WARN_64_TO_32_BIT_CONVERSION = YES;
				GCC_WARN_ABOUT_RETURN_TYPE = YES_ERROR;
				GCC_WARN_UNDECLARED_SELECTOR = YES;
				GCC_WARN_UNINITIALIZED_AUTOS = YES_AGGRESSIVE;
				GCC_WARN_UNUSED_FUNCTION = YES;
				GCC_WARN_UNUSED_VARIABLE = YES;
				IPHONEOS_DEPLOYMENT_TARGET = 13.5;
				MTL_ENABLE_DEBUG_INFO = NO;
				MTL_FAST_MATH = YES;
				SDKROOT = iphoneos;
				SWIFT_COMPILATION_MODE = wholemodule;
				SWIFT_OPTIMIZATION_LEVEL = "-O";
				VALIDATE_PRODUCT = YES;
			};
			name = Release;
		};
		5E93AAB325087E990005D400 /* Debug */ = {
			isa = XCBuildConfiguration;
			buildSettings = {
				ASSETCATALOG_COMPILER_APPICON_NAME = AppIcon;
				CODE_SIGN_STYLE = Automatic;
				DEVELOPMENT_TEAM = 8CW2632N57;
				INFOPLIST_FILE = ADT_NewsApp/Info.plist;
				LD_RUNPATH_SEARCH_PATHS = (
					"$(inherited)",
					"@executable_path/Frameworks",
				);
				PRODUCT_BUNDLE_IDENTIFIER = "amitbiswas.ADT-NewsApp";
				PRODUCT_NAME = "$(TARGET_NAME)";
				SWIFT_VERSION = 5.0;
				TARGETED_DEVICE_FAMILY = "1,2";
			};
			name = Debug;
		};
		5E93AAB425087E990005D400 /* Release */ = {
			isa = XCBuildConfiguration;
			buildSettings = {
				ASSETCATALOG_COMPILER_APPICON_NAME = AppIcon;
				CODE_SIGN_STYLE = Automatic;
				DEVELOPMENT_TEAM = 8CW2632N57;
				INFOPLIST_FILE = ADT_NewsApp/Info.plist;
				LD_RUNPATH_SEARCH_PATHS = (
					"$(inherited)",
					"@executable_path/Frameworks",
				);
				PRODUCT_BUNDLE_IDENTIFIER = "amitbiswas.ADT-NewsApp";
				PRODUCT_NAME = "$(TARGET_NAME)";
				SWIFT_VERSION = 5.0;
				TARGETED_DEVICE_FAMILY = "1,2";
			};
			name = Release;
		};
/* End XCBuildConfiguration section */

/* Begin XCConfigurationList section */
		5E93AA9925087E970005D400 /* Build configuration list for PBXProject "ADT_NewsApp" */ = {
			isa = XCConfigurationList;
			buildConfigurations = (
				5E93AAB025087E990005D400 /* Debug */,
				5E93AAB125087E990005D400 /* Release */,
			);
			defaultConfigurationIsVisible = 0;
			defaultConfigurationName = Release;
		};
		5E93AAB225087E990005D400 /* Build configuration list for PBXNativeTarget "ADT_NewsApp" */ = {
			isa = XCConfigurationList;
			buildConfigurations = (
				5E93AAB325087E990005D400 /* Debug */,
				5E93AAB425087E990005D400 /* Release */,
			);
			defaultConfigurationIsVisible = 0;
			defaultConfigurationName = Release;
		};
/* End XCConfigurationList section */
	};
	rootObject = 5E93AA9625087E970005D400 /* Project object */;
}
